
Microsoft Visual Studio Solution File, Format Version 12.00
# Visual Studio 15
VisualStudioVersion = 15.0.27428.2037
MinimumVisualStudioVersion = 10.0.40219.1
Project("{2150E333-8FDC-42A3-9474-1A3956D46DE8}") = "01.实体模型", "01.实体模型", "{C2297430-2E98-47DB-9A85-ED17722A13BC}"
EndProject
Project("{2150E333-8FDC-42A3-9474-1A3956D46DE8}") = "02.数据访问处理", "02.数据访问处理", "{0309DEFA-6407-4946-8DC2-3A3E9B14C7C4}"
EndProject
Project("{2150E333-8FDC-42A3-9474-1A3956D46DE8}") = "03.视图模型", "03.视图模型", "{11119B34-2D5E-4BFE-B321-17A662D13188}"
EndProject
Project("{2150E333-8FDC-42A3-9474-1A3956D46DE8}") = "04.API模型", "04.API模型", "{9E28BB30-3888-4BF8-9C1D-50CFA4938410}"
EndProject
Project("{2150E333-8FDC-42A3-9474-1A3956D46DE8}") = "05.前端UI应用", "05.前端UI应用", "{9514F695-F4D1-402D-86B2-E59F58F96A01}"
EndProject
Project("{2150E333-8FDC-42A3-9474-1A3956D46DE8}") = "06.前端Api服务", "06.前端Api服务", "{EA503CF2-49DA-4CE0-9195-76F5C8658DCF}"
EndProject
Project("{2150E333-8FDC-42A3-9474-1A3956D46DE8}") = "07.概念模型", "07.概念模型", "{7690849B-9D4A-4F46-B052-12842A8E0554}"
EndProject
Project("{2150E333-8FDC-42A3-9474-1A3956D46DE8}") = "08.测试", "08.测试", "{69DDE6BC-16F2-4A0F-852A-F25CFD501ABE}"
EndProject
Project("{9A19103F-16F7-4668-BE54-9A1E7A4F7556}") = "Dnc.Services", "Dnc.Services\Dnc.Services.csproj", "{E8DB1DE8-0E4D-4095-A8EE-8C4875AB7F45}"
EndProject
Project("{9A19103F-16F7-4668-BE54-9A1E7A4F7556}") = "Dnc.MvcApp", "Dnc.MvcApp\Dnc.MvcApp.csproj", "{9A495B47-356A-4AE4-9E64-AFD2330713C9}"
	ProjectSection(ProjectDependencies) = postProject
		{6135E1D2-35E7-4E66-804D-3CAFC87D5A0A} = {6135E1D2-35E7-4E66-804D-3CAFC87D5A0A}
	EndProjectSection
EndProject
Project("{9A19103F-16F7-4668-BE54-9A1E7A4F7556}") = "Dnc.Entities", "Dnc.Entities\Dnc.Entities.csproj", "{C7A64CB8-846B-47E1-8D65-08486D6B63C7}"
EndProject
Project("{9A19103F-16F7-4668-BE54-9A1E7A4F7556}") = "DNC.ViewModels", "DNC.ViewModels\DNC.ViewModels.csproj", "{798E5D0F-3CE2-4A9B-B53C-1D85D4E89680}"
EndProject
Project("{9A19103F-16F7-4668-BE54-9A1E7A4F7556}") = "Dnc.ApiModel", "Dnc.ApiModel\Dnc.ApiModel.csproj", "{FB76768F-6CEC-4D23-BB73-E4832B4FDC45}"
EndProject
Project("{9A19103F-16F7-4668-BE54-9A1E7A4F7556}") = "Dnc.DataAccessRepository", "Dnc.DataAccessRepository\Dnc.DataAccessRepository.csproj", "{474AEBB1-E6EA-4384-BA61-B289EB33343C}"
EndProject
Project("{F088123C-0E9E-452A-89E6-6BA2F21D5CAC}") = "ApplicationAnalysysAndDesignModels", "ApplicationAnalysysAndDesignModels\ApplicationAnalysysAndDesignModels.modelproj", "{FDC103FB-8E00-4F62-BC24-9968E80B62A9}"
EndProject
Project("{FAE04EC0-301F-11D3-BF4B-00C04F79EFBC}") = "UnitTestSample", "UnitTestSample\UnitTestSample.csproj", "{1308501C-500B-4F58-9941-401505781F1B}"
EndProject
Project("{9A19103F-16F7-4668-BE54-9A1E7A4F7556}") = "SamplesForTest", "SamplesForTest\SamplesForTest.csproj", "{4EE364F6-2695-468D-BB5E-0C517E447D20}"
EndProject
Project("{9A19103F-16F7-4668-BE54-9A1E7A4F7556}") = "UEditorNetCore", "UEditorNetCore\UEditorNetCore.csproj", "{6135E1D2-35E7-4E66-804D-3CAFC87D5A0A}"
EndProject
Global
	GlobalSection(SolutionConfigurationPlatforms) = preSolution
		Debug|Any CPU = Debug|Any CPU
		Release|Any CPU = Release|Any CPU
	EndGlobalSection
	GlobalSection(ProjectConfigurationPlatforms) = postSolution
		{E8DB1DE8-0E4D-4095-A8EE-8C4875AB7F45}.Debug|Any CPU.ActiveCfg = Debug|Any CPU
		{E8DB1DE8-0E4D-4095-A8EE-8C4875AB7F45}.Debug|Any CPU.Build.0 = Debug|Any CPU
		{E8DB1DE8-0E4D-4095-A8EE-8C4875AB7F45}.Release|Any CPU.ActiveCfg = Release|Any CPU
		{E8DB1DE8-0E4D-4095-A8EE-8C4875AB7F45}.Release|Any CPU.Build.0 = Release|Any CPU
		{9A495B47-356A-4AE4-9E64-AFD2330713C9}.Debug|Any CPU.ActiveCfg = Debug|Any CPU
		{9A495B47-356A-4AE4-9E64-AFD2330713C9}.Debug|Any CPU.Build.0 = Debug|Any CPU
		{9A495B47-356A-4AE4-9E64-AFD2330713C9}.Release|Any CPU.ActiveCfg = Release|Any CPU
		{9A495B47-356A-4AE4-9E64-AFD2330713C9}.Release|Any CPU.Build.0 = Release|Any CPU
		{C7A64CB8-846B-47E1-8D65-08486D6B63C7}.Debug|Any CPU.ActiveCfg = Debug|Any CPU
		{C7A64CB8-846B-47E1-8D65-08486D6B63C7}.Debug|Any CPU.Build.0 = Debug|Any CPU
		{C7A64CB8-846B-47E1-8D65-08486D6B63C7}.Release|Any CPU.ActiveCfg = Release|Any CPU
		{C7A64CB8-846B-47E1-8D65-08486D6B63C7}.Release|Any CPU.Build.0 = Release|Any CPU
		{798E5D0F-3CE2-4A9B-B53C-1D85D4E89680}.Debug|Any CPU.ActiveCfg = Debug|Any CPU
		{798E5D0F-3CE2-4A9B-B53C-1D85D4E89680}.Debug|Any CPU.Build.0 = Debug|Any CPU
		{798E5D0F-3CE2-4A9B-B53C-1D85D4E89680}.Release|Any CPU.ActiveCfg = Release|Any CPU
		{798E5D0F-3CE2-4A9B-B53C-1D85D4E89680}.Release|Any CPU.Build.0 = Release|Any CPU
		{FB76768F-6CEC-4D23-BB73-E4832B4FDC45}.Debug|Any CPU.ActiveCfg = Debug|Any CPU
		{FB76768F-6CEC-4D23-BB73-E4832B4FDC45}.Debug|Any CPU.Build.0 = Debug|Any CPU
		{FB76768F-6CEC-4D23-BB73-E4832B4FDC45}.Release|Any CPU.ActiveCfg = Release|Any CPU
		{FB76768F-6CEC-4D23-BB73-E4832B4FDC45}.Release|Any CPU.Build.0 = Release|Any CPU
		{474AEBB1-E6EA-4384-BA61-B289EB33343C}.Debug|Any CPU.ActiveCfg = Debug|Any CPU
		{474AEBB1-E6EA-4384-BA61-B289EB33343C}.Debug|Any CPU.Build.0 = Debug|Any CPU
		{474AEBB1-E6EA-4384-BA61-B289EB33343C}.Release|Any CPU.ActiveCfg = Release|Any CPU
		{474AEBB1-E6EA-4384-BA61-B289EB33343C}.Release|Any CPU.Build.0 = Release|Any CPU
		{FDC103FB-8E00-4F62-BC24-9968E80B62A9}.Debug|Any CPU.ActiveCfg = Debug|Any CPU
		{FDC103FB-8E00-4F62-BC24-9968E80B62A9}.Debug|Any CPU.Build.0 = Debug|Any CPU
		{FDC103FB-8E00-4F62-BC24-9968E80B62A9}.Release|Any CPU.ActiveCfg = Release|Any CPU
		{FDC103FB-8E00-4F62-BC24-9968E80B62A9}.Release|Any CPU.Build.0 = Release|Any CPU
		{1308501C-500B-4F58-9941-401505781F1B}.Debug|Any CPU.ActiveCfg = Debug|Any CPU
		{1308501C-500B-4F58-9941-401505781F1B}.Debug|Any CPU.Build.0 = Debug|Any CPU
		{1308501C-500B-4F58-9941-401505781F1B}.Release|Any CPU.ActiveCfg = Release|Any CPU
		{1308501C-500B-4F58-9941-401505781F1B}.Release|Any CPU.Build.0 = Release|Any CPU
		{4EE364F6-2695-468D-BB5E-0C517E447D20}.Debug|Any CPU.ActiveCfg = Debug|Any CPU
		{4EE364F6-2695-468D-BB5E-0C517E447D20}.Debug|Any CPU.Build.0 = Debug|Any CPU
		{4EE364F6-2695-468D-BB5E-0C517E447D20}.Release|Any CPU.ActiveCfg = Release|Any CPU
		{4EE364F6-2695-468D-BB5E-0C517E447D20}.Release|Any CPU.Build.0 = Release|Any CPU
		{6135E1D2-35E7-4E66-804D-3CAFC87D5A0A}.Debug|Any CPU.ActiveCfg = Debug|Any CPU
		{6135E1D2-35E7-4E66-804D-3CAFC87D5A0A}.Debug|Any CPU.Build.0 = Debug|Any CPU
		{6135E1D2-35E7-4E66-804D-3CAFC87D5A0A}.Release|Any CPU.ActiveCfg = Release|Any CPU
		{6135E1D2-35E7-4E66-804D-3CAFC87D5A0A}.Release|Any CPU.Build.0 = Release|Any CPU
	EndGlobalSection
	GlobalSection(SolutionProperties) = preSolution
		HideSolutionNode = FALSE
	EndGlobalSection
	GlobalSection(NestedProjects) = preSolution
		{E8DB1DE8-0E4D-4095-A8EE-8C4875AB7F45} = {EA503CF2-49DA-4CE0-9195-76F5C8658DCF}
		{9A495B47-356A-4AE4-9E64-AFD2330713C9} = {9514F695-F4D1-402D-86B2-E59F58F96A01}
		{C7A64CB8-846B-47E1-8D65-08486D6B63C7} = {C2297430-2E98-47DB-9A85-ED17722A13BC}
		{798E5D0F-3CE2-4A9B-B53C-1D85D4E89680} = {11119B34-2D5E-4BFE-B321-17A662D13188}
		{FB76768F-6CEC-4D23-BB73-E4832B4FDC45} = {9E28BB30-3888-4BF8-9C1D-50CFA4938410}
		{474AEBB1-E6EA-4384-BA61-B289EB33343C} = {0309DEFA-6407-4946-8DC2-3A3E9B14C7C4}
		{FDC103FB-8E00-4F62-BC24-9968E80B62A9} = {7690849B-9D4A-4F46-B052-12842A8E0554}
		{1308501C-500B-4F58-9941-401505781F1B} = {69DDE6BC-16F2-4A0F-852A-F25CFD501ABE}
		{4EE364F6-2695-468D-BB5E-0C517E447D20} = {69DDE6BC-16F2-4A0F-852A-F25CFD501ABE}
		{6135E1D2-35E7-4E66-804D-3CAFC87D5A0A} = {9514F695-F4D1-402D-86B2-E59F58F96A01}
	EndGlobalSection
	GlobalSection(ExtensibilityGlobals) = postSolution
		SolutionGuid = {088B7FB2-5FA4-48EF-989D-67F26D4BFC47}
	EndGlobalSection
EndGlobal
